// !$*UTF8*$!
{
	archiveVersion = 1;
	classes = {
	};
	objectVersion = 50;
	objects = {

/* Begin PBXBuildFile section */
		5405182324391E3D0086BCF2 /* main.c in Sources */ = {isa = PBXBuildFile; fileRef = 5405182224391E3D0086BCF2 /* main.c */; };
		5405182F24391ED30086BCF2 /* OpenGL.framework in Frameworks */ = {isa = PBXBuildFile; fileRef = 5405182E24391ED30086BCF2 /* OpenGL.framework */; };
		5405183124391F210086BCF2 /* CoreVideo.framework in Frameworks */ = {isa = PBXBuildFile; fileRef = 5405183024391F210086BCF2 /* CoreVideo.framework */; };
		5405183324391F280086BCF2 /* IOKit.framework in Frameworks */ = {isa = PBXBuildFile; fileRef = 5405183224391F280086BCF2 /* IOKit.framework */; };
		5405183524391F2E0086BCF2 /* Cocoa.framework in Frameworks */ = {isa = PBXBuildFile; fileRef = 5405183424391F2E0086BCF2 /* Cocoa.framework */; };
		540518372439240D0086BCF2 /* libraylib.a in Frameworks */ = {isa = PBXBuildFile; fileRef = 540518362439240D0086BCF2 /* libraylib.a */; };
		5405183A243926510086BCF2 /* paddle.c in Sources */ = {isa = PBXBuildFile; fileRef = 54051839243926510086BCF2 /* paddle.c */; };
		5405183D24392D390086BCF2 /* ball.c in Sources */ = {isa = PBXBuildFile; fileRef = 5405183C24392D390086BCF2 /* ball.c */; };
/* End PBXBuildFile section */

/* Begin PBXCopyFilesBuildPhase section */
		5405181D24391E3D0086BCF2 /* CopyFiles */ = {
			isa = PBXCopyFilesBuildPhase;
			buildActionMask = 2147483647;
			dstPath = /usr/share/man/man1/;
			dstSubfolderSpec = 0;
			files = (
			);
			runOnlyForDeploymentPostprocessing = 1;
		};
/* End PBXCopyFilesBuildPhase section */

/* Begin PBXFileReference section */
		5405181F24391E3D0086BCF2 /* raylib-test */ = {isa = PBXFileReference; explicitFileType = "compiled.mach-o.executable"; includeInIndex = 0; path = "raylib-test"; sourceTree = BUILT_PRODUCTS_DIR; };
		5405182224391E3D0086BCF2 /* main.c */ = {isa = PBXFileReference; lastKnownFileType = sourcecode.c.c; path = main.c; sourceTree = "<group>"; };
		5405182A24391EA80086BCF2 /* raylib-3.0.0-macOS */ = {isa = PBXFileReference; lastKnownFileType = folder; name = "raylib-3.0.0-macOS"; path = "../../../Downloads/raylib-3.0.0-macOS"; sourceTree = "<group>"; };
		5405182C24391ECB0086BCF2 /* libraylib.a */ = {isa = PBXFileReference; lastKnownFileType = archive.ar; name = libraylib.a; path = "../../../Downloads/raylib-3.0.0-macOS/lib/libraylib.a"; sourceTree = "<group>"; };
		5405182E24391ED30086BCF2 /* OpenGL.framework */ = {isa = PBXFileReference; lastKnownFileType = wrapper.framework; name = OpenGL.framework; path = System/Library/Frameworks/OpenGL.framework; sourceTree = SDKROOT; };
		5405183024391F210086BCF2 /* CoreVideo.framework */ = {isa = PBXFileReference; lastKnownFileType = wrapper.framework; name = CoreVideo.framework; path = System/Library/Frameworks/CoreVideo.framework; sourceTree = SDKROOT; };
		5405183224391F280086BCF2 /* IOKit.framework */ = {isa = PBXFileReference; lastKnownFileType = wrapper.framework; name = IOKit.framework; path = System/Library/Frameworks/IOKit.framework; sourceTree = SDKROOT; };
		5405183424391F2E0086BCF2 /* Cocoa.framework */ = {isa = PBXFileReference; lastKnownFileType = wrapper.framework; name = Cocoa.framework; path = System/Library/Frameworks/Cocoa.framework; sourceTree = SDKROOT; };
		540518362439240D0086BCF2 /* libraylib.a */ = {isa = PBXFileReference; lastKnownFileType = archive.ar; name = libraylib.a; path = ../../../Downloads/repos/raylib/src/libraylib.a; sourceTree = "<group>"; };
		54051838243925B90086BCF2 /* paddle.h */ = {isa = PBXFileReference; lastKnownFileType = sourcecode.c.h; path = paddle.h; sourceTree = "<group>"; };
		54051839243926510086BCF2 /* paddle.c */ = {isa = PBXFileReference; lastKnownFileType = sourcecode.c.c; path = paddle.c; sourceTree = "<group>"; };
		5405183B24392D390086BCF2 /* ball.h */ = {isa = PBXFileReference; lastKnownFileType = sourcecode.c.h; path = ball.h; sourceTree = "<group>"; };
		5405183C24392D390086BCF2 /* ball.c */ = {isa = PBXFileReference; lastKnownFileType = sourcecode.c.c; path = ball.c; sourceTree = "<group>"; };
		5405183E24392F950086BCF2 /* game.h */ = {isa = PBXFileReference; lastKnownFileType = sourcecode.c.h; path = game.h; sourceTree = "<group>"; };
/* End PBXFileReference section */

/* Begin PBXFrameworksBuildPhase section */
		5405181C24391E3D0086BCF2 /* Frameworks */ = {
			isa = PBXFrameworksBuildPhase;
			buildActionMask = 2147483647;
			files = (
				540518372439240D0086BCF2 /* libraylib.a in Frameworks */,
				5405183524391F2E0086BCF2 /* Cocoa.framework in Frameworks */,
				5405183324391F280086BCF2 /* IOKit.framework in Frameworks */,
				5405183124391F210086BCF2 /* CoreVideo.framework in Frameworks */,
				5405182F24391ED30086BCF2 /* OpenGL.framework in Frameworks */,
			);
			runOnlyForDeploymentPostprocessing = 0;
		};
/* End PBXFrameworksBuildPhase section */

/* Begin PBXGroup section */
		5405181624391E3D0086BCF2 = {
			isa = PBXGroup;
			children = (
				5405182124391E3D0086BCF2 /* raylib-test */,
				5405182024391E3D0086BCF2 /* Products */,
				5405182924391EA80086BCF2 /* Frameworks */,
			);
			sourceTree = "<group>";
		};
		5405182024391E3D0086BCF2 /* Products */ = {
			isa = PBXGroup;
			children = (
				5405181F24391E3D0086BCF2 /* raylib-test */,
			);
			name = Products;
			sourceTree = "<group>";
		};
		5405182124391E3D0086BCF2 /* raylib-test */ = {
			isa = PBXGroup;
			children = (
				5405182224391E3D0086BCF2 /* main.c */,
				54051838243925B90086BCF2 /* paddle.h */,
				54051839243926510086BCF2 /* paddle.c */,
				5405183B24392D390086BCF2 /* ball.h */,
				5405183C24392D390086BCF2 /* ball.c */,
				5405183E24392F950086BCF2 /* game.h */,
			);
			path = "raylib-test";
			sourceTree = "<group>";
		};
		5405182924391EA80086BCF2 /* Frameworks */ = {
			isa = PBXGroup;
			children = (
				540518362439240D0086BCF2 /* libraylib.a */,
				5405183424391F2E0086BCF2 /* Cocoa.framework */,
				5405183224391F280086BCF2 /* IOKit.framework */,
				5405183024391F210086BCF2 /* CoreVideo.framework */,
				5405182E24391ED30086BCF2 /* OpenGL.framework */,
				5405182C24391ECB0086BCF2 /* libraylib.a */,
				5405182A24391EA80086BCF2 /* raylib-3.0.0-macOS */,
			);
			name = Frameworks;
			sourceTree = "<group>";
		};
/* End PBXGroup section */

/* Begin PBXNativeTarget section */
		5405181E24391E3D0086BCF2 /* raylib-test */ = {
			isa = PBXNativeTarget;
			buildConfigurationList = 5405182624391E3D0086BCF2 /* Build configuration list for PBXNativeTarget "raylib-test" */;
			buildPhases = (
				5405181B24391E3D0086BCF2 /* Sources */,
				5405181C24391E3D0086BCF2 /* Frameworks */,
				5405181D24391E3D0086BCF2 /* CopyFiles */,
			);
			buildRules = (
			);
			dependencies = (
			);
			name = "raylib-test";
			productName = "raylib-test";
			productReference = 5405181F24391E3D0086BCF2 /* raylib-test */;
			productType = "com.apple.product-type.tool";
		};
/* End PBXNativeTarget section */

/* Begin PBXProject section */
		5405181724391E3D0086BCF2 /* Project object */ = {
			isa = PBXProject;
			attributes = {
				LastUpgradeCheck = 1130;
				ORGANIZATIONNAME = "Gabriele Pappalardo";
				TargetAttributes = {
					5405181E24391E3D0086BCF2 = {
						CreatedOnToolsVersion = 11.3.1;
					};
				};
			};
			buildConfigurationList = 5405181A24391E3D0086BCF2 /* Build configuration list for PBXProject "raylib-test" */;
			compatibilityVersion = "Xcode 9.3";
			developmentRegion = en;
			hasScannedForEncodings = 0;
			knownRegions = (
				en,
				Base,
			);
			mainGroup = 5405181624391E3D0086BCF2;
			productRefGroup = 5405182024391E3D0086BCF2 /* Products */;
			projectDirPath = "";
			projectRoot = "";
			targets = (
				5405181E24391E3D0086BCF2 /* raylib-test */,
			);
		};
/* End PBXProject section */

/* Begin PBXSourcesBuildPhase section */
		5405181B24391E3D0086BCF2 /* Sources */ = {
			isa = PBXSourcesBuildPhase;
			buildActionMask = 2147483647;
			files = (
				5405182324391E3D0086BCF2 /* main.c in Sources */,
				5405183A243926510086BCF2 /* paddle.c in Sources */,
				5405183D24392D390086BCF2 /* ball.c in Sources */,
			);
			runOnlyForDeploymentPostprocessing = 0;
		};
/* End PBXSourcesBuildPhase section */

/* Begin XCBuildConfiguration section */
		5405182424391E3D0086BCF2 /* Debug */ = {
			isa = XCBuildConfiguration;
			buildSettings = {
				ALWAYS_SEARCH_USER_PATHS = NO;
				CLANG_ANALYZER_NONNULL = YES;
				CLANG_ANALYZER_NUMBER_OBJECT_CONVERSION = YES_AGGRESSIVE;
				CLANG_CXX_LANGUAGE_STANDARD = "gnu++14";
				CLANG_CXX_LIBRARY = "libc++";
				CLANG_ENABLE_MODULES = YES;
				CLANG_ENABLE_OBJC_ARC = YES;
				CLANG_ENABLE_OBJC_WEAK = YES;
				CLANG_WARN_BLOCK_CAPTURE_AUTORELEASING = YES;
				CLANG_WARN_BOOL_CONVERSION = YES;
				CLANG_WARN_COMMA = YES;
				CLANG_WARN_CONSTANT_CONVERSION = YES;
				CLANG_WARN_DEPRECATED_OBJC_IMPLEMENTATIONS = YES;
				CLANG_WARN_DIRECT_OBJC_ISA_USAGE = YES_ERROR;
				CLANG_WARN_DOCUMENTATION_COMMENTS = YES;
				CLANG_WARN_EMPTY_BODY = YES;
				CLANG_WARN_ENUM_CONVERSION = YES;
				CLANG_WARN_INFINITE_RECURSION = YES;
				CLANG_WARN_INT_CONVERSION = YES;
				CLANG_WARN_NON_LITERAL_NULL_CONVERSION = YES;
				CLANG_WARN_OBJC_IMPLICIT_RETAIN_SELF = YES;
				CLANG_WARN_OBJC_LITERAL_CONVERSION = YES;
				CLANG_WARN_OBJC_ROOT_CLASS = YES_ERROR;
				CLANG_WARN_RANGE_LOOP_ANALYSIS = YES;
				CLANG_WARN_STRICT_PROTOTYPES = YES;
				CLANG_WARN_SUSPICIOUS_MOVE = YES;
				CLANG_WARN_UNGUARDED_AVAILABILITY = YES_AGGRESSIVE;
				CLANG_WARN_UNREACHABLE_CODE = YES;
				CLANG_WARN__DUPLICATE_METHOD_MATCH = YES;
				COPY_PHASE_STRIP = NO;
				DEBUG_INFORMATION_FORMAT = dwarf;
				ENABLE_STRICT_OBJC_MSGSEND = YES;
				ENABLE_TESTABILITY = YES;
				GCC_C_LANGUAGE_STANDARD = gnu11;
				GCC_DYNAMIC_NO_PIC = NO;
				GCC_NO_COMMON_BLOCKS = YES;
				GCC_OPTIMIZATION_LEVEL = 0;
				GCC_PREPROCESSOR_DEFINITIONS = (
					"DEBUG=1",
					"$(inherited)",
				);
				GCC_WARN_64_TO_32_BIT_CONVERSION = YES;
				GCC_WARN_ABOUT_RETURN_TYPE = YES_ERROR;
				GCC_WARN_UNDECLARED_SELECTOR = YES;
				GCC_WARN_UNINITIALIZED_AUTOS = YES_AGGRESSIVE;
				GCC_WARN_UNUSED_FUNCTION = YES;
				GCC_WARN_UNUSED_VARIABLE = YES;
				MACOSX_DEPLOYMENT_TARGET = 10.15;
				MTL_ENABLE_DEBUG_INFO = INCLUDE_SOURCE;
				MTL_FAST_MATH = YES;
				ONLY_ACTIVE_ARCH = YES;
				SDKROOT = macosx;
			};
			name = Debug;
		};
		5405182524391E3D0086BCF2 /* Release */ = {
			isa = XCBuildConfiguration;
			buildSettings = {
				ALWAYS_SEARCH_USER_PATHS = NO;
				CLANG_ANALYZER_NONNULL = YES;
				CLANG_ANALYZER_NUMBER_OBJECT_CONVERSION = YES_AGGRESSIVE;
				CLANG_CXX_LANGUAGE_STANDARD = "gnu++14";
				CLANG_CXX_LIBRARY = "libc++";
				CLANG_ENABLE_MODULES = YES;
				CLANG_ENABLE_OBJC_ARC = YES;
				CLANG_ENABLE_OBJC_WEAK = YES;
				CLANG_WARN_BLOCK_CAPTURE_AUTORELEASING = YES;
				CLANG_WARN_BOOL_CONVERSION = YES;
				CLANG_WARN_COMMA = YES;
				CLANG_WARN_CONSTANT_CONVERSION = YES;
				CLANG_WARN_DEPRECATED_OBJC_IMPLEMENTATIONS = YES;
				CLANG_WARN_DIRECT_OBJC_ISA_USAGE = YES_ERROR;
				CLANG_WARN_DOCUMENTATION_COMMENTS = YES;
				CLANG_WARN_EMPTY_BODY = YES;
				CLANG_WARN_ENUM_CONVERSION = YES;
				CLANG_WARN_INFINITE_RECURSION = YES;
				CLANG_WARN_INT_CONVERSION = YES;
				CLANG_WARN_NON_LITERAL_NULL_CONVERSION = YES;
				CLANG_WARN_OBJC_IMPLICIT_RETAIN_SELF = YES;
				CLANG_WARN_OBJC_LITERAL_CONVERSION = YES;
				CLANG_WARN_OBJC_ROOT_CLASS = YES_ERROR;
				CLANG_WARN_RANGE_LOOP_ANALYSIS = YES;
				CLANG_WARN_STRICT_PROTOTYPES = YES;
				CLANG_WARN_SUSPICIOUS_MOVE = YES;
				CLANG_WARN_UNGUARDED_AVAILABILITY = YES_AGGRESSIVE;
				CLANG_WARN_UNREACHABLE_CODE = YES;
				CLANG_WARN__DUPLICATE_METHOD_MATCH = YES;
				COPY_PHASE_STRIP = NO;
				DEBUG_INFORMATION_FORMAT = "dwarf-with-dsym";
				ENABLE_NS_ASSERTIONS = NO;
				ENABLE_STRICT_OBJC_MSGSEND = YES;
				GCC_C_LANGUAGE_STANDARD = gnu11;
				GCC_NO_COMMON_BLOCKS = YES;
				GCC_WARN_64_TO_32_BIT_CONVERSION = YES;
				GCC_WARN_ABOUT_RETURN_TYPE = YES_ERROR;
				GCC_WARN_UNDECLARED_SELECTOR = YES;
				GCC_WARN_UNINITIALIZED_AUTOS = YES_AGGRESSIVE;
				GCC_WARN_UNUSED_FUNCTION = YES;
				GCC_WARN_UNUSED_VARIABLE = YES;
				MACOSX_DEPLOYMENT_TARGET = 10.15;
				MTL_ENABLE_DEBUG_INFO = NO;
				MTL_FAST_MATH = YES;
				SDKROOT = macosx;
			};
			name = Release;
		};
		5405182724391E3D0086BCF2 /* Debug */ = {
			isa = XCBuildConfiguration;
			buildSettings = {
				CODE_SIGN_STYLE = Automatic;
				HEADER_SEARCH_PATHS = "/Users/gabryon/Downloads/repos/raylib/src/**";
				"LIBRARY_SEARCH_PATHS[arch=*]" = "/Users/gabryon/Downloads/repos/raylib/src/**";
				PRODUCT_NAME = "$(TARGET_NAME)";
			};
			name = Debug;
		};
		5405182824391E3D0086BCF2 /* Release */ = {
			isa = XCBuildConfiguration;
			buildSettings = {
				CODE_SIGN_STYLE = Automatic;
				PRODUCT_NAME = "$(TARGET_NAME)";
			};
			name = Release;
		};
/* End XCBuildConfiguration section */

/* Begin XCConfigurationList section */
		5405181A24391E3D0086BCF2 /* Build configuration list for PBXProject "raylib-test" */ = {
			isa = XCConfigurationList;
			buildConfigurations = (
				5405182424391E3D0086BCF2 /* Debug */,
				5405182524391E3D0086BCF2 /* Release */,
			);
			defaultConfigurationIsVisible = 0;
			defaultConfigurationName = Release;
		};
		5405182624391E3D0086BCF2 /* Build configuration list for PBXNativeTarget "raylib-test" */ = {
			isa = XCConfigurationList;
			buildConfigurations = (
				5405182724391E3D0086BCF2 /* Debug */,
				5405182824391E3D0086BCF2 /* Release */,
			);
			defaultConfigurationIsVisible = 0;
			defaultConfigurationName = Release;
		};
/* End XCConfigurationList section */
	};
	rootObject = 5405181724391E3D0086BCF2 /* Project object */;
}
